{
  "name": "@zeit/next-inferno",
  "version": "0.0.1",
  "lockfileVersion": 1,
  "requires": true,
  "dependencies": {
    "module-alias": {
      "version": "2.0.6",
      "resolved": "https://registry.npmjs.org/module-alias/-/module-alias-2.0.6.tgz",
      "integrity": "sha1-q7LPoHAU9QNRStUGHG8D15tZGIk="
    }
  }
}
